
Microsoft Visual Studio Solution File, Format Version 11.00
# Visual Studio 2010
Project("{8BC9CEB8-8B4A-11D0-8D11-00A0C91BC942}") = "test1", "test1\test1.vcxproj", "{62124462-A0DF-4337-8950-F810D4FC8AFC}"
EndProject
Global
	GlobalSection(SolutionConfigurationPlatforms) = preSolution
		Debug|Win32 = Debug|Win32
		Release|Win32 = Release|Win32
	EndGlobalSection
	GlobalSection(ProjectConfigurationPlatforms) = postSolution
		{62124462-A0DF-4337-8950-F810D4FC8AFC}.Debug|Win32.ActiveCfg = Debug|Win32
		{62124462-A0DF-4337-8950-F810D4FC8AFC}.Debug|Win32.Build.0 = Debug|Win32
		{62124462-A0DF-4337-8950-F810D4FC8AFC}.Release|Win32.ActiveCfg = Release|Win32
		{62124462-A0DF-4337-8950-F810D4FC8AFC}.Release|Win32.Build.0 = Release|Win32
	EndGlobalSection
	GlobalSection(SolutionProperties) = preSolution
		HideSolutionNode = FALSE
	EndGlobalSection
	GlobalSection(ExtensibilityGlobals) = postSolution
		VisualSVNWorkingCopyRoot = .
	EndGlobalSection
EndGlobal
